// !$*UTF8*$!
{
	archiveVersion = 1;
	classes = {
	};
	objectVersion = 56;
	objects = {

/* Begin PBXBuildFile section */
		261BBAE22CAE9B8A00E1EF0D /* AppDelegate.swift in Sources */ = {isa = PBXBuildFile; fileRef = 261BBAE12CAE9B8A00E1EF0D /* AppDelegate.swift */; };
		261BBAE42CAE9B8A00E1EF0D /* SceneDelegate.swift in Sources */ = {isa = PBXBuildFile; fileRef = 261BBAE32CAE9B8A00E1EF0D /* SceneDelegate.swift */; };
		261BBAE62CAE9B8A00E1EF0D /* ViewController.swift in Sources */ = {isa = PBXBuildFile; fileRef = 261BBAE52CAE9B8A00E1EF0D /* ViewController.swift */; };
		261BBAE92CAE9B8A00E1EF0D /* Main.storyboard in Resources */ = {isa = PBXBuildFile; fileRef = 261BBAE72CAE9B8A00E1EF0D /* Main.storyboard */; };
		261BBAEB2CAE9B8B00E1EF0D /* Assets.xcassets in Resources */ = {isa = PBXBuildFile; fileRef = 261BBAEA2CAE9B8B00E1EF0D /* Assets.xcassets */; };
		261BBAEE2CAE9B8C00E1EF0D /* LaunchScreen.storyboard in Resources */ = {isa = PBXBuildFile; fileRef = 261BBAEC2CAE9B8C00E1EF0D /* LaunchScreen.storyboard */; };
		261BBAF92CAE9B8C00E1EF0D /* receipt_scanner_iOS_demoTests.swift in Sources */ = {isa = PBXBuildFile; fileRef = 261BBAF82CAE9B8C00E1EF0D /* receipt_scanner_iOS_demoTests.swift */; };
		261BBB032CAE9B8C00E1EF0D /* receipt_scanner_iOS_demoUITests.swift in Sources */ = {isa = PBXBuildFile; fileRef = 261BBB022CAE9B8C00E1EF0D /* receipt_scanner_iOS_demoUITests.swift */; };
		261BBB052CAE9B8C00E1EF0D /* receipt_scanner_iOS_demoUITestsLaunchTests.swift in Sources */ = {isa = PBXBuildFile; fileRef = 261BBB042CAE9B8C00E1EF0D /* receipt_scanner_iOS_demoUITestsLaunchTests.swift */; };
/* End PBXBuildFile section */

/* Begin PBXContainerItemProxy section */
		261BBAF52CAE9B8C00E1EF0D /* PBXContainerItemProxy */ = {
			isa = PBXContainerItemProxy;
			containerPortal = 261BBAD62CAE9B8A00E1EF0D /* Project object */;
			proxyType = 1;
			remoteGlobalIDString = 261BBADD2CAE9B8A00E1EF0D;
			remoteInfo = "receipt-scanner-iOS-demo";
		};
		261BBAFF2CAE9B8C00E1EF0D /* PBXContainerItemProxy */ = {
			isa = PBXContainerItemProxy;
			containerPortal = 261BBAD62CAE9B8A00E1EF0D /* Project object */;
			proxyType = 1;
			remoteGlobalIDString = 261BBADD2CAE9B8A00E1EF0D;
			remoteInfo = "receipt-scanner-iOS-demo";
		};
/* End PBXContainerItemProxy section */

/* Begin PBXFileReference section */
		261BBADE2CAE9B8A00E1EF0D /* receipt-scanner-iOS-demo.app */ = {isa = PBXFileReference; explicitFileType = wrapper.application; includeInIndex = 0; path = "receipt-scanner-iOS-demo.app"; sourceTree = BUILT_PRODUCTS_DIR; };
		261BBAE12CAE9B8A00E1EF0D /* AppDelegate.swift */ = {isa = PBXFileReference; lastKnownFileType = sourcecode.swift; path = AppDelegate.swift; sourceTree = "<group>"; };
		261BBAE32CAE9B8A00E1EF0D /* SceneDelegate.swift */ = {isa = PBXFileReference; lastKnownFileType = sourcecode.swift; path = SceneDelegate.swift; sourceTree = "<group>"; };
		261BBAE52CAE9B8A00E1EF0D /* ViewController.swift */ = {isa = PBXFileReference; lastKnownFileType = sourcecode.swift; path = ViewController.swift; sourceTree = "<group>"; };
		261BBAE82CAE9B8A00E1EF0D /* Base */ = {isa = PBXFileReference; lastKnownFileType = file.storyboard; name = Base; path = Base.lproj/Main.storyboard; sourceTree = "<group>"; };
		261BBAEA2CAE9B8B00E1EF0D /* Assets.xcassets */ = {isa = PBXFileReference; lastKnownFileType = folder.assetcatalog; path = Assets.xcassets; sourceTree = "<group>"; };
		261BBAED2CAE9B8C00E1EF0D /* Base */ = {isa = PBXFileReference; lastKnownFileType = file.storyboard; name = Base; path = Base.lproj/LaunchScreen.storyboard; sourceTree = "<group>"; };
		261BBAEF2CAE9B8C00E1EF0D /* Info.plist */ = {isa = PBXFileReference; lastKnownFileType = text.plist.xml; path = Info.plist; sourceTree = "<group>"; };
		261BBAF42CAE9B8C00E1EF0D /* receipt-scanner-iOS-demoTests.xctest */ = {isa = PBXFileReference; explicitFileType = wrapper.cfbundle; includeInIndex = 0; path = "receipt-scanner-iOS-demoTests.xctest"; sourceTree = BUILT_PRODUCTS_DIR; };
		261BBAF82CAE9B8C00E1EF0D /* receipt_scanner_iOS_demoTests.swift */ = {isa = PBXFileReference; lastKnownFileType = sourcecode.swift; path = receipt_scanner_iOS_demoTests.swift; sourceTree = "<group>"; };
		261BBAFE2CAE9B8C00E1EF0D /* receipt-scanner-iOS-demoUITests.xctest */ = {isa = PBXFileReference; explicitFileType = wrapper.cfbundle; includeInIndex = 0; path = "receipt-scanner-iOS-demoUITests.xctest"; sourceTree = BUILT_PRODUCTS_DIR; };
		261BBB022CAE9B8C00E1EF0D /* receipt_scanner_iOS_demoUITests.swift */ = {isa = PBXFileReference; lastKnownFileType = sourcecode.swift; path = receipt_scanner_iOS_demoUITests.swift; sourceTree = "<group>"; };
		261BBB042CAE9B8C00E1EF0D /* receipt_scanner_iOS_demoUITestsLaunchTests.swift */ = {isa = PBXFileReference; lastKnownFileType = sourcecode.swift; path = receipt_scanner_iOS_demoUITestsLaunchTests.swift; sourceTree = "<group>"; };
/* End PBXFileReference section */

/* Begin PBXFrameworksBuildPhase section */
		261BBADB2CAE9B8A00E1EF0D /* Frameworks */ = {
			isa = PBXFrameworksBuildPhase;
			buildActionMask = 2147483647;
			files = (
			);
			runOnlyForDeploymentPostprocessing = 0;
		};
		261BBAF12CAE9B8C00E1EF0D /* Frameworks */ = {
			isa = PBXFrameworksBuildPhase;
			buildActionMask = 2147483647;
			files = (
			);
			runOnlyForDeploymentPostprocessing = 0;
		};
		261BBAFB2CAE9B8C00E1EF0D /* Frameworks */ = {
			isa = PBXFrameworksBuildPhase;
			buildActionMask = 2147483647;
			files = (
			);
			runOnlyForDeploymentPostprocessing = 0;
		};
/* End PBXFrameworksBuildPhase section */

/* Begin PBXGroup section */
		261BBAD52CAE9B8A00E1EF0D = {
			isa = PBXGroup;
			children = (
				261BBAE02CAE9B8A00E1EF0D /* receipt-scanner-iOS-demo */,
				261BBAF72CAE9B8C00E1EF0D /* receipt-scanner-iOS-demoTests */,
				261BBB012CAE9B8C00E1EF0D /* receipt-scanner-iOS-demoUITests */,
				261BBADF2CAE9B8A00E1EF0D /* Products */,
			);
			sourceTree = "<group>";
		};
		261BBADF2CAE9B8A00E1EF0D /* Products */ = {
			isa = PBXGroup;
			children = (
				261BBADE2CAE9B8A00E1EF0D /* receipt-scanner-iOS-demo.app */,
				261BBAF42CAE9B8C00E1EF0D /* receipt-scanner-iOS-demoTests.xctest */,
				261BBAFE2CAE9B8C00E1EF0D /* receipt-scanner-iOS-demoUITests.xctest */,
			);
			name = Products;
			sourceTree = "<group>";
		};
		261BBAE02CAE9B8A00E1EF0D /* receipt-scanner-iOS-demo */ = {
			isa = PBXGroup;
			children = (
				261BBAE12CAE9B8A00E1EF0D /* AppDelegate.swift */,
				261BBAE32CAE9B8A00E1EF0D /* SceneDelegate.swift */,
				261BBAE52CAE9B8A00E1EF0D /* ViewController.swift */,
				261BBAE72CAE9B8A00E1EF0D /* Main.storyboard */,
				261BBAEA2CAE9B8B00E1EF0D /* Assets.xcassets */,
				261BBAEC2CAE9B8C00E1EF0D /* LaunchScreen.storyboard */,
				261BBAEF2CAE9B8C00E1EF0D /* Info.plist */,
			);
			path = "receipt-scanner-iOS-demo";
			sourceTree = "<group>";
		};
		261BBAF72CAE9B8C00E1EF0D /* receipt-scanner-iOS-demoTests */ = {
			isa = PBXGroup;
			children = (
				261BBAF82CAE9B8C00E1EF0D /* receipt_scanner_iOS_demoTests.swift */,
			);
			path = "receipt-scanner-iOS-demoTests";
			sourceTree = "<group>";
		};
		261BBB012CAE9B8C00E1EF0D /* receipt-scanner-iOS-demoUITests */ = {
			isa = PBXGroup;
			children = (
				261BBB022CAE9B8C00E1EF0D /* receipt_scanner_iOS_demoUITests.swift */,
				261BBB042CAE9B8C00E1EF0D /* receipt_scanner_iOS_demoUITestsLaunchTests.swift */,
			);
			path = "receipt-scanner-iOS-demoUITests";
			sourceTree = "<group>";
		};
/* End PBXGroup section */

/* Begin PBXNativeTarget section */
		261BBADD2CAE9B8A00E1EF0D /* receipt-scanner-iOS-demo */ = {
			isa = PBXNativeTarget;
			buildConfigurationList = 261BBB082CAE9B8C00E1EF0D /* Build configuration list for PBXNativeTarget "receipt-scanner-iOS-demo" */;
			buildPhases = (
				261BBADA2CAE9B8A00E1EF0D /* Sources */,
				261BBADB2CAE9B8A00E1EF0D /* Frameworks */,
				261BBADC2CAE9B8A00E1EF0D /* Resources */,
			);
			buildRules = (
			);
			dependencies = (
			);
			name = "receipt-scanner-iOS-demo";
			productName = "receipt-scanner-iOS-demo";
			productReference = 261BBADE2CAE9B8A00E1EF0D /* receipt-scanner-iOS-demo.app */;
			productType = "com.apple.product-type.application";
		};
		261BBAF32CAE9B8C00E1EF0D /* receipt-scanner-iOS-demoTests */ = {
			isa = PBXNativeTarget;
			buildConfigurationList = 261BBB0B2CAE9B8C00E1EF0D /* Build configuration list for PBXNativeTarget "receipt-scanner-iOS-demoTests" */;
			buildPhases = (
				261BBAF02CAE9B8C00E1EF0D /* Sources */,
				261BBAF12CAE9B8C00E1EF0D /* Frameworks */,
				261BBAF22CAE9B8C00E1EF0D /* Resources */,
			);
			buildRules = (
			);
			dependencies = (
				261BBAF62CAE9B8C00E1EF0D /* PBXTargetDependency */,
			);
			name = "receipt-scanner-iOS-demoTests";
			productName = "receipt-scanner-iOS-demoTests";
			productReference = 261BBAF42CAE9B8C00E1EF0D /* receipt-scanner-iOS-demoTests.xctest */;
			productType = "com.apple.product-type.bundle.unit-test";
		};
		261BBAFD2CAE9B8C00E1EF0D /* receipt-scanner-iOS-demoUITests */ = {
			isa = PBXNativeTarget;
			buildConfigurationList = 261BBB0E2CAE9B8C00E1EF0D /* Build configuration list for PBXNativeTarget "receipt-scanner-iOS-demoUITests" */;
			buildPhases = (
				261BBAFA2CAE9B8C00E1EF0D /* Sources */,
				261BBAFB2CAE9B8C00E1EF0D /* Frameworks */,
				261BBAFC2CAE9B8C00E1EF0D /* Resources */,
			);
			buildRules = (
			);
			dependencies = (
				261BBB002CAE9B8C00E1EF0D /* PBXTargetDependency */,
			);
			name = "receipt-scanner-iOS-demoUITests";
			productName = "receipt-scanner-iOS-demoUITests";
			productReference = 261BBAFE2CAE9B8C00E1EF0D /* receipt-scanner-iOS-demoUITests.xctest */;
			productType = "com.apple.product-type.bundle.ui-testing";
		};
/* End PBXNativeTarget section */

/* Begin PBXProject section */
		261BBAD62CAE9B8A00E1EF0D /* Project object */ = {
			isa = PBXProject;
			attributes = {
				BuildIndependentTargetsInParallel = 1;
				LastSwiftUpdateCheck = 1520;
				LastUpgradeCheck = 1520;
				TargetAttributes = {
					261BBADD2CAE9B8A00E1EF0D = {
						CreatedOnToolsVersion = 15.2;
					};
					261BBAF32CAE9B8C00E1EF0D = {
						CreatedOnToolsVersion = 15.2;
						TestTargetID = 261BBADD2CAE9B8A00E1EF0D;
					};
					261BBAFD2CAE9B8C00E1EF0D = {
						CreatedOnToolsVersion = 15.2;
						TestTargetID = 261BBADD2CAE9B8A00E1EF0D;
					};
				};
			};
			buildConfigurationList = 261BBAD92CAE9B8A00E1EF0D /* Build configuration list for PBXProject "receipt-scanner-iOS-demo" */;
			compatibilityVersion = "Xcode 14.0";
			developmentRegion = en;
			hasScannedForEncodings = 0;
			knownRegions = (
				en,
				Base,
			);
			mainGroup = 261BBAD52CAE9B8A00E1EF0D;
			productRefGroup = 261BBADF2CAE9B8A00E1EF0D /* Products */;
			projectDirPath = "";
			projectRoot = "";
			targets = (
				261BBADD2CAE9B8A00E1EF0D /* receipt-scanner-iOS-demo */,
				261BBAF32CAE9B8C00E1EF0D /* receipt-scanner-iOS-demoTests */,
				261BBAFD2CAE9B8C00E1EF0D /* receipt-scanner-iOS-demoUITests */,
			);
		};
/* End PBXProject section */

/* Begin PBXResourcesBuildPhase section */
		261BBADC2CAE9B8A00E1EF0D /* Resources */ = {
			isa = PBXResourcesBuildPhase;
			buildActionMask = 2147483647;
			files = (
				261BBAEE2CAE9B8C00E1EF0D /* LaunchScreen.storyboard in Resources */,
				261BBAEB2CAE9B8B00E1EF0D /* Assets.xcassets in Resources */,
				261BBAE92CAE9B8A00E1EF0D /* Main.storyboard in Resources */,
			);
			runOnlyForDeploymentPostprocessing = 0;
		};
		261BBAF22CAE9B8C00E1EF0D /* Resources */ = {
			isa = PBXResourcesBuildPhase;
			buildActionMask = 2147483647;
			files = (
			);
			runOnlyForDeploymentPostprocessing = 0;
		};
		261BBAFC2CAE9B8C00E1EF0D /* Resources */ = {
			isa = PBXResourcesBuildPhase;
			buildActionMask = 2147483647;
			files = (
			);
			runOnlyForDeploymentPostprocessing = 0;
		};
/* End PBXResourcesBuildPhase section */

/* Begin PBXSourcesBuildPhase section */
		261BBADA2CAE9B8A00E1EF0D /* Sources */ = {
			isa = PBXSourcesBuildPhase;
			buildActionMask = 2147483647;
			files = (
				261BBAE62CAE9B8A00E1EF0D /* ViewController.swift in Sources */,
				261BBAE22CAE9B8A00E1EF0D /* AppDelegate.swift in Sources */,
				261BBAE42CAE9B8A00E1EF0D /* SceneDelegate.swift in Sources */,
			);
			runOnlyForDeploymentPostprocessing = 0;
		};
		261BBAF02CAE9B8C00E1EF0D /* Sources */ = {
			isa = PBXSourcesBuildPhase;
			buildActionMask = 2147483647;
			files = (
				261BBAF92CAE9B8C00E1EF0D /* receipt_scanner_iOS_demoTests.swift in Sources */,
			);
			runOnlyForDeploymentPostprocessing = 0;
		};
		261BBAFA2CAE9B8C00E1EF0D /* Sources */ = {
			isa = PBXSourcesBuildPhase;
			buildActionMask = 2147483647;
			files = (
				261BBB032CAE9B8C00E1EF0D /* receipt_scanner_iOS_demoUITests.swift in Sources */,
				261BBB052CAE9B8C00E1EF0D /* receipt_scanner_iOS_demoUITestsLaunchTests.swift in Sources */,
			);
			runOnlyForDeploymentPostprocessing = 0;
		};
/* End PBXSourcesBuildPhase section */

/* Begin PBXTargetDependency section */
		261BBAF62CAE9B8C00E1EF0D /* PBXTargetDependency */ = {
			isa = PBXTargetDependency;
			target = 261BBADD2CAE9B8A00E1EF0D /* receipt-scanner-iOS-demo */;
			targetProxy = 261BBAF52CAE9B8C00E1EF0D /* PBXContainerItemProxy */;
		};
		261BBB002CAE9B8C00E1EF0D /* PBXTargetDependency */ = {
			isa = PBXTargetDependency;
			target = 261BBADD2CAE9B8A00E1EF0D /* receipt-scanner-iOS-demo */;
			targetProxy = 261BBAFF2CAE9B8C00E1EF0D /* PBXContainerItemProxy */;
		};
/* End PBXTargetDependency section */

/* Begin PBXVariantGroup section */
		261BBAE72CAE9B8A00E1EF0D /* Main.storyboard */ = {
			isa = PBXVariantGroup;
			children = (
				261BBAE82CAE9B8A00E1EF0D /* Base */,
			);
			name = Main.storyboard;
			sourceTree = "<group>";
		};
		261BBAEC2CAE9B8C00E1EF0D /* LaunchScreen.storyboard */ = {
			isa = PBXVariantGroup;
			children = (
				261BBAED2CAE9B8C00E1EF0D /* Base */,
			);
			name = LaunchScreen.storyboard;
			sourceTree = "<group>";
		};
/* End PBXVariantGroup section */

/* Begin XCBuildConfiguration section */
		261BBB062CAE9B8C00E1EF0D /* Debug */ = {
			isa = XCBuildConfiguration;
			buildSettings = {
				ALWAYS_SEARCH_USER_PATHS = NO;
				ASSETCATALOG_COMPILER_GENERATE_SWIFT_ASSET_SYMBOL_EXTENSIONS = YES;
				CLANG_ANALYZER_NONNULL = YES;
				CLANG_ANALYZER_NUMBER_OBJECT_CONVERSION = YES_AGGRESSIVE;
				CLANG_CXX_LANGUAGE_STANDARD = "gnu++20";
				CLANG_ENABLE_MODULES = YES;
				CLANG_ENABLE_OBJC_ARC = YES;
				CLANG_ENABLE_OBJC_WEAK = YES;
				CLANG_WARN_BLOCK_CAPTURE_AUTORELEASING = YES;
				CLANG_WARN_BOOL_CONVERSION = YES;
				CLANG_WARN_COMMA = YES;
				CLANG_WARN_CONSTANT_CONVERSION = YES;
				CLANG_WARN_DEPRECATED_OBJC_IMPLEMENTATIONS = YES;
				CLANG_WARN_DIRECT_OBJC_ISA_USAGE = YES_ERROR;
				CLANG_WARN_DOCUMENTATION_COMMENTS = YES;
				CLANG_WARN_EMPTY_BODY = YES;
				CLANG_WARN_ENUM_CONVERSION = YES;
				CLANG_WARN_INFINITE_RECURSION = YES;
				CLANG_WARN_INT_CONVERSION = YES;
				CLANG_WARN_NON_LITERAL_NULL_CONVERSION = YES;
				CLANG_WARN_OBJC_IMPLICIT_RETAIN_SELF = YES;
				CLANG_WARN_OBJC_LITERAL_CONVERSION = YES;
				CLANG_WARN_OBJC_ROOT_CLASS = YES_ERROR;
				CLANG_WARN_QUOTED_INCLUDE_IN_FRAMEWORK_HEADER = YES;
				CLANG_WARN_RANGE_LOOP_ANALYSIS = YES;
				CLANG_WARN_STRICT_PROTOTYPES = YES;
				CLANG_WARN_SUSPICIOUS_MOVE = YES;
				CLANG_WARN_UNGUARDED_AVAILABILITY = YES_AGGRESSIVE;
				CLANG_WARN_UNREACHABLE_CODE = YES;
				CLANG_WARN__DUPLICATE_METHOD_MATCH = YES;
				COPY_PHASE_STRIP = NO;
				DEBUG_INFORMATION_FORMAT = dwarf;
				ENABLE_STRICT_OBJC_MSGSEND = YES;
				ENABLE_TESTABILITY = YES;
				ENABLE_USER_SCRIPT_SANDBOXING = YES;
				GCC_C_LANGUAGE_STANDARD = gnu17;
				GCC_DYNAMIC_NO_PIC = NO;
				GCC_NO_COMMON_BLOCKS = YES;
				GCC_OPTIMIZATION_LEVEL = 0;
				GCC_PREPROCESSOR_DEFINITIONS = (
					"DEBUG=1",
					"$(inherited)",
				);
				GCC_WARN_64_TO_32_BIT_CONVERSION = YES;
				GCC_WARN_ABOUT_RETURN_TYPE = YES_ERROR;
				GCC_WARN_UNDECLARED_SELECTOR = YES;
				GCC_WARN_UNINITIALIZED_AUTOS = YES_AGGRESSIVE;
				GCC_WARN_UNUSED_FUNCTION = YES;
				GCC_WARN_UNUSED_VARIABLE = YES;
				IPHONEOS_DEPLOYMENT_TARGET = 17.2;
				LOCALIZATION_PREFERS_STRING_CATALOGS = YES;
				MTL_ENABLE_DEBUG_INFO = INCLUDE_SOURCE;
				MTL_FAST_MATH = YES;
				ONLY_ACTIVE_ARCH = YES;
				SDKROOT = iphoneos;
				SWIFT_ACTIVE_COMPILATION_CONDITIONS = "DEBUG $(inherited)";
				SWIFT_OPTIMIZATION_LEVEL = "-Onone";
			};
			name = Debug;
		};
		261BBB072CAE9B8C00E1EF0D /* Release */ = {
			isa = XCBuildConfiguration;
			buildSettings = {
				ALWAYS_SEARCH_USER_PATHS = NO;
				ASSETCATALOG_COMPILER_GENERATE_SWIFT_ASSET_SYMBOL_EXTENSIONS = YES;
				CLANG_ANALYZER_NONNULL = YES;
				CLANG_ANALYZER_NUMBER_OBJECT_CONVERSION = YES_AGGRESSIVE;
				CLANG_CXX_LANGUAGE_STANDARD = "gnu++20";
				CLANG_ENABLE_MODULES = YES;
				CLANG_ENABLE_OBJC_ARC = YES;
				CLANG_ENABLE_OBJC_WEAK = YES;
				CLANG_WARN_BLOCK_CAPTURE_AUTORELEASING = YES;
				CLANG_WARN_BOOL_CONVERSION = YES;
				CLANG_WARN_COMMA = YES;
				CLANG_WARN_CONSTANT_CONVERSION = YES;
				CLANG_WARN_DEPRECATED_OBJC_IMPLEMENTATIONS = YES;
				CLANG_WARN_DIRECT_OBJC_ISA_USAGE = YES_ERROR;
				CLANG_WARN_DOCUMENTATION_COMMENTS = YES;
				CLANG_WARN_EMPTY_BODY = YES;
				CLANG_WARN_ENUM_CONVERSION = YES;
				CLANG_WARN_INFINITE_RECURSION = YES;
				CLANG_WARN_INT_CONVERSION = YES;
				CLANG_WARN_NON_LITERAL_NULL_CONVERSION = YES;
				CLANG_WARN_OBJC_IMPLICIT_RETAIN_SELF = YES;
				CLANG_WARN_OBJC_LITERAL_CONVERSION = YES;
				CLANG_WARN_OBJC_ROOT_CLASS = YES_ERROR;
				CLANG_WARN_QUOTED_INCLUDE_IN_FRAMEWORK_HEADER = YES;
				CLANG_WARN_RANGE_LOOP_ANALYSIS = YES;
				CLANG_WARN_STRICT_PROTOTYPES = YES;
				CLANG_WARN_SUSPICIOUS_MOVE = YES;
				CLANG_WARN_UNGUARDED_AVAILABILITY = YES_AGGRESSIVE;
				CLANG_WARN_UNREACHABLE_CODE = YES;
				CLANG_WARN__DUPLICATE_METHOD_MATCH = YES;
				COPY_PHASE_STRIP = NO;
				DEBUG_INFORMATION_FORMAT = "dwarf-with-dsym";
				ENABLE_NS_ASSERTIONS = NO;
				ENABLE_STRICT_OBJC_MSGSEND = YES;
				ENABLE_USER_SCRIPT_SANDBOXING = YES;
				GCC_C_LANGUAGE_STANDARD = gnu17;
				GCC_NO_COMMON_BLOCKS = YES;
				GCC_WARN_64_TO_32_BIT_CONVERSION = YES;
				GCC_WARN_ABOUT_RETURN_TYPE = YES_ERROR;
				GCC_WARN_UNDECLARED_SELECTOR = YES;
				GCC_WARN_UNINITIALIZED_AUTOS = YES_AGGRESSIVE;
				GCC_WARN_UNUSED_FUNCTION = YES;
				GCC_WARN_UNUSED_VARIABLE = YES;
				IPHONEOS_DEPLOYMENT_TARGET = 17.2;
				LOCALIZATION_PREFERS_STRING_CATALOGS = YES;
				MTL_ENABLE_DEBUG_INFO = NO;
				MTL_FAST_MATH = YES;
				SDKROOT = iphoneos;
				SWIFT_COMPILATION_MODE = wholemodule;
				VALIDATE_PRODUCT = YES;
			};
			name = Release;
		};
		261BBB092CAE9B8C00E1EF0D /* Debug */ = {
			isa = XCBuildConfiguration;
			buildSettings = {
				ASSETCATALOG_COMPILER_APPICON_NAME = AppIcon;
				ASSETCATALOG_COMPILER_GLOBAL_ACCENT_COLOR_NAME = AccentColor;
				CODE_SIGN_STYLE = Automatic;
				CURRENT_PROJECT_VERSION = 1;
				DEVELOPMENT_TEAM = W69Q3L97LP;
				GENERATE_INFOPLIST_FILE = YES;
				INFOPLIST_FILE = "receipt-scanner-iOS-demo/Info.plist";
				INFOPLIST_KEY_NSCameraUsageDescription = "This app requires Camera";
				INFOPLIST_KEY_UIApplicationSupportsIndirectInputEvents = YES;
				INFOPLIST_KEY_UILaunchStoryboardName = LaunchScreen;
				INFOPLIST_KEY_UIMainStoryboardFile = Main;
				INFOPLIST_KEY_UISupportedInterfaceOrientations_iPad = "UIInterfaceOrientationPortrait UIInterfaceOrientationPortraitUpsideDown UIInterfaceOrientationLandscapeLeft UIInterfaceOrientationLandscapeRight";
				INFOPLIST_KEY_UISupportedInterfaceOrientations_iPhone = "UIInterfaceOrientationPortrait UIInterfaceOrientationLandscapeLeft UIInterfaceOrientationLandscapeRight";
				IPHONEOS_DEPLOYMENT_TARGET = 14.7;
				LD_RUNPATH_SEARCH_PATHS = (
					"$(inherited)",
					"@executable_path/Frameworks",
				);
				MARKETING_VERSION = 1.0;
				PRODUCT_BUNDLE_IDENTIFIER = "ourcart.receipt-scanner-iOS-demo";
				PRODUCT_NAME = "$(TARGET_NAME)";
				SUPPORTED_PLATFORMS = "iphoneos iphonesimulator";
				SUPPORTS_MACCATALYST = NO;
				SUPPORTS_MAC_DESIGNED_FOR_IPHONE_IPAD = NO;
				SUPPORTS_XR_DESIGNED_FOR_IPHONE_IPAD = NO;
				SWIFT_EMIT_LOC_STRINGS = YES;
				SWIFT_VERSION = 5.0;
				TARGETED_DEVICE_FAMILY = 1;
			};
			name = Debug;
		};
		261BBB0A2CAE9B8C00E1EF0D /* Release */ = {
			isa = XCBuildConfiguration;
			buildSettings = {
				ASSETCATALOG_COMPILER_APPICON_NAME = AppIcon;
				ASSETCATALOG_COMPILER_GLOBAL_ACCENT_COLOR_NAME = AccentColor;
				CODE_SIGN_STYLE = Automatic;
				CURRENT_PROJECT_VERSION = 1;
				DEVELOPMENT_TEAM = W69Q3L97LP;
				GENERATE_INFOPLIST_FILE = YES;
				INFOPLIST_FILE = "receipt-scanner-iOS-demo/Info.plist";
				INFOPLIST_KEY_NSCameraUsageDescription = "This app requires Camera";
				INFOPLIST_KEY_UIApplicationSupportsIndirectInputEvents = YES;
				INFOPLIST_KEY_UILaunchStoryboardName = LaunchScreen;
				INFOPLIST_KEY_UIMainStoryboardFile = Main;
				INFOPLIST_KEY_UISupportedInterfaceOrientations_iPad = "UIInterfaceOrientationPortrait UIInterfaceOrientationPortraitUpsideDown UIInterfaceOrientationLandscapeLeft UIInterfaceOrientationLandscapeRight";
				INFOPLIST_KEY_UISupportedInterfaceOrientations_iPhone = "UIInterfaceOrientationPortrait UIInterfaceOrientationLandscapeLeft UIInterfaceOrientationLandscapeRight";
				IPHONEOS_DEPLOYMENT_TARGET = 14.7;
				LD_RUNPATH_SEARCH_PATHS = (
					"$(inherited)",
					"@executable_path/Frameworks",
				);
				MARKETING_VERSION = 1.0;
				PRODUCT_BUNDLE_IDENTIFIER = "ourcart.receipt-scanner-iOS-demo";
				PRODUCT_NAME = "$(TARGET_NAME)";
				SUPPORTED_PLATFORMS = "iphoneos iphonesimulator";
				SUPPORTS_MACCATALYST = NO;
				SUPPORTS_MAC_DESIGNED_FOR_IPHONE_IPAD = NO;
				SUPPORTS_XR_DESIGNED_FOR_IPHONE_IPAD = NO;
				SWIFT_EMIT_LOC_STRINGS = YES;
				SWIFT_VERSION = 5.0;
				TARGETED_DEVICE_FAMILY = 1;
			};
			name = Release;
		};
		261BBB0C2CAE9B8C00E1EF0D /* Debug */ = {
			isa = XCBuildConfiguration;
			buildSettings = {
				ALWAYS_EMBED_SWIFT_STANDARD_LIBRARIES = YES;
				BUNDLE_LOADER = "$(TEST_HOST)";
				CODE_SIGN_STYLE = Automatic;
				CURRENT_PROJECT_VERSION = 1;
				DEVELOPMENT_TEAM = W69Q3L97LP;
				GENERATE_INFOPLIST_FILE = YES;
				IPHONEOS_DEPLOYMENT_TARGET = 17.2;
				MARKETING_VERSION = 1.0;
				PRODUCT_BUNDLE_IDENTIFIER = "ourcart.receipt-scanner-iOS-demoTests";
				PRODUCT_NAME = "$(TARGET_NAME)";
				SWIFT_EMIT_LOC_STRINGS = NO;
				SWIFT_VERSION = 5.0;
				TARGETED_DEVICE_FAMILY = "1,2";
				TEST_HOST = "$(BUILT_PRODUCTS_DIR)/receipt-scanner-iOS-demo.app/$(BUNDLE_EXECUTABLE_FOLDER_PATH)/receipt-scanner-iOS-demo";
			};
			name = Debug;
		};
		261BBB0D2CAE9B8C00E1EF0D /* Release */ = {
			isa = XCBuildConfiguration;
			buildSettings = {
				ALWAYS_EMBED_SWIFT_STANDARD_LIBRARIES = YES;
				BUNDLE_LOADER = "$(TEST_HOST)";
				CODE_SIGN_STYLE = Automatic;
				CURRENT_PROJECT_VERSION = 1;
				DEVELOPMENT_TEAM = W69Q3L97LP;
				GENERATE_INFOPLIST_FILE = YES;
				IPHONEOS_DEPLOYMENT_TARGET = 17.2;
				MARKETING_VERSION = 1.0;
				PRODUCT_BUNDLE_IDENTIFIER = "ourcart.receipt-scanner-iOS-demoTests";
				PRODUCT_NAME = "$(TARGET_NAME)";
				SWIFT_EMIT_LOC_STRINGS = NO;
				SWIFT_VERSION = 5.0;
				TARGETED_DEVICE_FAMILY = "1,2";
				TEST_HOST = "$(BUILT_PRODUCTS_DIR)/receipt-scanner-iOS-demo.app/$(BUNDLE_EXECUTABLE_FOLDER_PATH)/receipt-scanner-iOS-demo";
			};
			name = Release;
		};
		261BBB0F2CAE9B8C00E1EF0D /* Debug */ = {
			isa = XCBuildConfiguration;
			buildSettings = {
				ALWAYS_EMBED_SWIFT_STANDARD_LIBRARIES = YES;
				CODE_SIGN_STYLE = Automatic;
				CURRENT_PROJECT_VERSION = 1;
				DEVELOPMENT_TEAM = W69Q3L97LP;
				GENERATE_INFOPLIST_FILE = YES;
				MARKETING_VERSION = 1.0;
				PRODUCT_BUNDLE_IDENTIFIER = "ourcart.receipt-scanner-iOS-demoUITests";
				PRODUCT_NAME = "$(TARGET_NAME)";
				SWIFT_EMIT_LOC_STRINGS = NO;
				SWIFT_VERSION = 5.0;
				TARGETED_DEVICE_FAMILY = "1,2";
				TEST_TARGET_NAME = "receipt-scanner-iOS-demo";
			};
			name = Debug;
		};
		261BBB102CAE9B8C00E1EF0D /* Release */ = {
			isa = XCBuildConfiguration;
			buildSettings = {
				ALWAYS_EMBED_SWIFT_STANDARD_LIBRARIES = YES;
				CODE_SIGN_STYLE = Automatic;
				CURRENT_PROJECT_VERSION = 1;
				DEVELOPMENT_TEAM = W69Q3L97LP;
				GENERATE_INFOPLIST_FILE = YES;
				MARKETING_VERSION = 1.0;
				PRODUCT_BUNDLE_IDENTIFIER = "ourcart.receipt-scanner-iOS-demoUITests";
				PRODUCT_NAME = "$(TARGET_NAME)";
				SWIFT_EMIT_LOC_STRINGS = NO;
				SWIFT_VERSION = 5.0;
				TARGETED_DEVICE_FAMILY = "1,2";
				TEST_TARGET_NAME = "receipt-scanner-iOS-demo";
			};
			name = Release;
		};
/* End XCBuildConfiguration section */

/* Begin XCConfigurationList section */
		261BBAD92CAE9B8A00E1EF0D /* Build configuration list for PBXProject "receipt-scanner-iOS-demo" */ = {
			isa = XCConfigurationList;
			buildConfigurations = (
				261BBB062CAE9B8C00E1EF0D /* Debug */,
				261BBB072CAE9B8C00E1EF0D /* Release */,
			);
			defaultConfigurationIsVisible = 0;
			defaultConfigurationName = Release;
		};
		261BBB082CAE9B8C00E1EF0D /* Build configuration list for PBXNativeTarget "receipt-scanner-iOS-demo" */ = {
			isa = XCConfigurationList;
			buildConfigurations = (
				261BBB092CAE9B8C00E1EF0D /* Debug */,
				261BBB0A2CAE9B8C00E1EF0D /* Release */,
			);
			defaultConfigurationIsVisible = 0;
			defaultConfigurationName = Release;
		};
		261BBB0B2CAE9B8C00E1EF0D /* Build configuration list for PBXNativeTarget "receipt-scanner-iOS-demoTests" */ = {
			isa = XCConfigurationList;
			buildConfigurations = (
				261BBB0C2CAE9B8C00E1EF0D /* Debug */,
				261BBB0D2CAE9B8C00E1EF0D /* Release */,
			);
			defaultConfigurationIsVisible = 0;
			defaultConfigurationName = Release;
		};
		261BBB0E2CAE9B8C00E1EF0D /* Build configuration list for PBXNativeTarget "receipt-scanner-iOS-demoUITests" */ = {
			isa = XCConfigurationList;
			buildConfigurations = (
				261BBB0F2CAE9B8C00E1EF0D /* Debug */,
				261BBB102CAE9B8C00E1EF0D /* Release */,
			);
			defaultConfigurationIsVisible = 0;
			defaultConfigurationName = Release;
		};
/* End XCConfigurationList section */
	};
	rootObject = 261BBAD62CAE9B8A00E1EF0D /* Project object */;
}
